
Microsoft Visual Studio Solution File, Format Version 12.00
# Visual Studio 15
VisualStudioVersion = 15.0.28307.168
MinimumVisualStudioVersion = 10.0.40219.1
Project("{FAE04EC0-301F-11D3-BF4B-00C04F79EFBC}") = "InternetConnectionCounter", "InternetConnectionCounter\InternetConnectionCounter.csproj", "{20F55513-3861-44E0-94FB-5140BADBC34F}"
EndProject
Global
	GlobalSection(SolutionConfigurationPlatforms) = preSolution
		Debug|Any CPU = Debug|Any CPU
		Release|Any CPU = Release|Any CPU
	EndGlobalSection
	GlobalSection(ProjectConfigurationPlatforms) = postSolution
		{20F55513-3861-44E0-94FB-5140BADBC34F}.Debug|Any CPU.ActiveCfg = Debug|Any CPU
		{20F55513-3861-44E0-94FB-5140BADBC34F}.Debug|Any CPU.Build.0 = Debug|Any CPU
		{20F55513-3861-44E0-94FB-5140BADBC34F}.Release|Any CPU.ActiveCfg = Release|Any CPU
		{20F55513-3861-44E0-94FB-5140BADBC34F}.Release|Any CPU.Build.0 = Release|Any CPU
	EndGlobalSection
	GlobalSection(SolutionProperties) = preSolution
		HideSolutionNode = FALSE
	EndGlobalSection
	GlobalSection(ExtensibilityGlobals) = postSolution
		SolutionGuid = {1FB9F406-0F1C-4B7F-9043-8EABF1DE4F30}
	EndGlobalSection
EndGlobal
